
Microsoft Visual Studio Solution File, Format Version 12.00
# Visual Studio Version 16
VisualStudioVersion = 16.0.32802.440
MinimumVisualStudioVersion = 10.0.40219.1
Project("{8BC9CEB8-8B4A-11D0-8D11-00A0C91BC942}") = "ITD_Client", "ITD_Client\ITD_Client.vcxproj", "{D535DD64-EF41-46D7-9D12-A3DBA0B35CFC}"
EndProject
Global
	GlobalSection(SolutionConfigurationPlatforms) = preSolution
		Debug|x64 = Debug|x64
		Debug|x86 = Debug|x86
		Release|x64 = Release|x64
		Release|x86 = Release|x86
	EndGlobalSection
	GlobalSection(ProjectConfigurationPlatforms) = postSolution
		{D535DD64-EF41-46D7-9D12-A3DBA0B35CFC}.Debug|x64.ActiveCfg = Debug|x64
		{D535DD64-EF41-46D7-9D12-A3DBA0B35CFC}.Debug|x64.Build.0 = Debug|x64
		{D535DD64-EF41-46D7-9D12-A3DBA0B35CFC}.Debug|x86.ActiveCfg = Debug|Win32
		{D535DD64-EF41-46D7-9D12-A3DBA0B35CFC}.Debug|x86.Build.0 = Debug|Win32
		{D535DD64-EF41-46D7-9D12-A3DBA0B35CFC}.Release|x64.ActiveCfg = Release|x64
		{D535DD64-EF41-46D7-9D12-A3DBA0B35CFC}.Release|x64.Build.0 = Release|x64
		{D535DD64-EF41-46D7-9D12-A3DBA0B35CFC}.Release|x86.ActiveCfg = Release|Win32
		{D535DD64-EF41-46D7-9D12-A3DBA0B35CFC}.Release|x86.Build.0 = Release|Win32
	EndGlobalSection
	GlobalSection(SolutionProperties) = preSolution
		HideSolutionNode = FALSE
	EndGlobalSection
	GlobalSection(ExtensibilityGlobals) = postSolution
		SolutionGuid = {C04CA1D6-33D5-4860-977F-B80453ABE2A3}
	EndGlobalSection
EndGlobal
